
Microsoft Visual Studio Solution File, Format Version 12.00
# Visual Studio Version 16
VisualStudioVersion = 16.0.32901.82
MinimumVisualStudioVersion = 10.0.40219.1
Project("{FAE04EC0-301F-11D3-BF4B-00C04F79EFBC}") = "ProjetoIntegrador", "ProjetoIntegrador\ProjetoIntegrador.csproj", "{B40C6736-AEF0-411C-8389-B40BB89E665E}"
EndProject
Global
	GlobalSection(SolutionConfigurationPlatforms) = preSolution
		Debug|Any CPU = Debug|Any CPU
		Release|Any CPU = Release|Any CPU
	EndGlobalSection
	GlobalSection(ProjectConfigurationPlatforms) = postSolution
		{B40C6736-AEF0-411C-8389-B40BB89E665E}.Debug|Any CPU.ActiveCfg = Debug|Any CPU
		{B40C6736-AEF0-411C-8389-B40BB89E665E}.Debug|Any CPU.Build.0 = Debug|Any CPU
		{B40C6736-AEF0-411C-8389-B40BB89E665E}.Release|Any CPU.ActiveCfg = Release|Any CPU
		{B40C6736-AEF0-411C-8389-B40BB89E665E}.Release|Any CPU.Build.0 = Release|Any CPU
	EndGlobalSection
	GlobalSection(SolutionProperties) = preSolution
		HideSolutionNode = FALSE
	EndGlobalSection
	GlobalSection(ExtensibilityGlobals) = postSolution
		SolutionGuid = {B39D016C-1255-48AD-A5DF-83AE1A5110B2}
	EndGlobalSection
EndGlobal
